<Solution>
  <Project Path="TTT.DataClasses.HexData.csproj" />
  <Project Path="Assembly-CSharp.csproj" />
  <Project Path="TTT.DataClasses.TileFeatures.csproj" />
  <Project Path="TTT.Hex.csproj" />
  <Project Path="TTT.GameEvents.csproj" />
  <Project Path="SFB.csproj" />
  <Project Path="UI.csproj" />
  <Project Path="TTT.Editors.csproj" />
  <Project Path="TTT.Managers.csproj" />
  <Project Path="Assembly-CSharp-Editor.csproj" />
  <Project Path="TTT.ModularData.csproj" />
  <Project Path="TTT.DataClasses.csproj" />
  <Project Path="TTT.DataClasses.Terrain.csproj" />
  <Project Path="TTT.DataClasses.States.csproj" />
  <Project Path="TTT.DataClasses.PlayerResources.csproj" />
  <Project Path="TTT.Helpers.csproj" />
  <Project Path="EditMode.csproj" />
  <Project Path="PlayMode.csproj" />
</Solution>
